// !$*UTF8*$!
{
	archiveVersion = 1;
	classes = {
	};
	objectVersion = 50;
	objects = {

/* Begin PBXBuildFile section */
		C6BD5DA526F38D5B0093BD35 /* AppDelegate.swift in Sources */ = {isa = PBXBuildFile; fileRef = C6BD5DA426F38D5B0093BD35 /* AppDelegate.swift */; };
		C6BD5DA726F38D5B0093BD35 /* SceneDelegate.swift in Sources */ = {isa = PBXBuildFile; fileRef = C6BD5DA626F38D5B0093BD35 /* SceneDelegate.swift */; };
		C6BD5DA926F38D5B0093BD35 /* ViewController.swift in Sources */ = {isa = PBXBuildFile; fileRef = C6BD5DA826F38D5B0093BD35 /* ViewController.swift */; };
		C6BD5DAC26F38D5B0093BD35 /* Main.storyboard in Resources */ = {isa = PBXBuildFile; fileRef = C6BD5DAA26F38D5B0093BD35 /* Main.storyboard */; };
		C6BD5DAE26F38D5B0093BD35 /* Assets.xcassets in Resources */ = {isa = PBXBuildFile; fileRef = C6BD5DAD26F38D5B0093BD35 /* Assets.xcassets */; };
		C6BD5DB126F38D5B0093BD35 /* LaunchScreen.storyboard in Resources */ = {isa = PBXBuildFile; fileRef = C6BD5DAF26F38D5B0093BD35 /* LaunchScreen.storyboard */; };
		C6BD5DBC26F38D5B0093BD35 /* SampleFSCalendarTests.swift in Sources */ = {isa = PBXBuildFile; fileRef = C6BD5DBB26F38D5B0093BD35 /* SampleFSCalendarTests.swift */; };
		C6BD5DC726F38D5B0093BD35 /* SampleFSCalendarUITests.swift in Sources */ = {isa = PBXBuildFile; fileRef = C6BD5DC626F38D5B0093BD35 /* SampleFSCalendarUITests.swift */; };
/* End PBXBuildFile section */

/* Begin PBXContainerItemProxy section */
		C6BD5DB826F38D5B0093BD35 /* PBXContainerItemProxy */ = {
			isa = PBXContainerItemProxy;
			containerPortal = C6BD5D9926F38D5B0093BD35 /* Project object */;
			proxyType = 1;
			remoteGlobalIDString = C6BD5DA026F38D5B0093BD35;
			remoteInfo = SampleFSCalendar;
		};
		C6BD5DC326F38D5B0093BD35 /* PBXContainerItemProxy */ = {
			isa = PBXContainerItemProxy;
			containerPortal = C6BD5D9926F38D5B0093BD35 /* Project object */;
			proxyType = 1;
			remoteGlobalIDString = C6BD5DA026F38D5B0093BD35;
			remoteInfo = SampleFSCalendar;
		};
/* End PBXContainerItemProxy section */

/* Begin PBXFileReference section */
		C6BD5DA126F38D5B0093BD35 /* SampleFSCalendar.app */ = {isa = PBXFileReference; explicitFileType = wrapper.application; includeInIndex = 0; path = SampleFSCalendar.app; sourceTree = BUILT_PRODUCTS_DIR; };
		C6BD5DA426F38D5B0093BD35 /* AppDelegate.swift */ = {isa = PBXFileReference; lastKnownFileType = sourcecode.swift; path = AppDelegate.swift; sourceTree = "<group>"; };
		C6BD5DA626F38D5B0093BD35 /* SceneDelegate.swift */ = {isa = PBXFileReference; lastKnownFileType = sourcecode.swift; path = SceneDelegate.swift; sourceTree = "<group>"; };
		C6BD5DA826F38D5B0093BD35 /* ViewController.swift */ = {isa = PBXFileReference; lastKnownFileType = sourcecode.swift; path = ViewController.swift; sourceTree = "<group>"; };
		C6BD5DAB26F38D5B0093BD35 /* Base */ = {isa = PBXFileReference; lastKnownFileType = file.storyboard; name = Base; path = Base.lproj/Main.storyboard; sourceTree = "<group>"; };
		C6BD5DAD26F38D5B0093BD35 /* Assets.xcassets */ = {isa = PBXFileReference; lastKnownFileType = folder.assetcatalog; path = Assets.xcassets; sourceTree = "<group>"; };
		C6BD5DB026F38D5B0093BD35 /* Base */ = {isa = PBXFileReference; lastKnownFileType = file.storyboard; name = Base; path = Base.lproj/LaunchScreen.storyboard; sourceTree = "<group>"; };
		C6BD5DB226F38D5B0093BD35 /* Info.plist */ = {isa = PBXFileReference; lastKnownFileType = text.plist.xml; path = Info.plist; sourceTree = "<group>"; };
		C6BD5DB726F38D5B0093BD35 /* SampleFSCalendarTests.xctest */ = {isa = PBXFileReference; explicitFileType = wrapper.cfbundle; includeInIndex = 0; path = SampleFSCalendarTests.xctest; sourceTree = BUILT_PRODUCTS_DIR; };
		C6BD5DBB26F38D5B0093BD35 /* SampleFSCalendarTests.swift */ = {isa = PBXFileReference; lastKnownFileType = sourcecode.swift; path = SampleFSCalendarTests.swift; sourceTree = "<group>"; };
		C6BD5DBD26F38D5B0093BD35 /* Info.plist */ = {isa = PBXFileReference; lastKnownFileType = text.plist.xml; path = Info.plist; sourceTree = "<group>"; };
		C6BD5DC226F38D5B0093BD35 /* SampleFSCalendarUITests.xctest */ = {isa = PBXFileReference; explicitFileType = wrapper.cfbundle; includeInIndex = 0; path = SampleFSCalendarUITests.xctest; sourceTree = BUILT_PRODUCTS_DIR; };
		C6BD5DC626F38D5B0093BD35 /* SampleFSCalendarUITests.swift */ = {isa = PBXFileReference; lastKnownFileType = sourcecode.swift; path = SampleFSCalendarUITests.swift; sourceTree = "<group>"; };
		C6BD5DC826F38D5B0093BD35 /* Info.plist */ = {isa = PBXFileReference; lastKnownFileType = text.plist.xml; path = Info.plist; sourceTree = "<group>"; };
/* End PBXFileReference section */

/* Begin PBXFrameworksBuildPhase section */
		C6BD5D9E26F38D5B0093BD35 /* Frameworks */ = {
			isa = PBXFrameworksBuildPhase;
			buildActionMask = 2147483647;
			files = (
			);
			runOnlyForDeploymentPostprocessing = 0;
		};
		C6BD5DB426F38D5B0093BD35 /* Frameworks */ = {
			isa = PBXFrameworksBuildPhase;
			buildActionMask = 2147483647;
			files = (
			);
			runOnlyForDeploymentPostprocessing = 0;
		};
		C6BD5DBF26F38D5B0093BD35 /* Frameworks */ = {
			isa = PBXFrameworksBuildPhase;
			buildActionMask = 2147483647;
			files = (
			);
			runOnlyForDeploymentPostprocessing = 0;
		};
/* End PBXFrameworksBuildPhase section */

/* Begin PBXGroup section */
		C6BD5D9826F38D5B0093BD35 = {
			isa = PBXGroup;
			children = (
				C6BD5DA326F38D5B0093BD35 /* SampleFSCalendar */,
				C6BD5DBA26F38D5B0093BD35 /* SampleFSCalendarTests */,
				C6BD5DC526F38D5B0093BD35 /* SampleFSCalendarUITests */,
				C6BD5DA226F38D5B0093BD35 /* Products */,
			);
			sourceTree = "<group>";
		};
		C6BD5DA226F38D5B0093BD35 /* Products */ = {
			isa = PBXGroup;
			children = (
				C6BD5DA126F38D5B0093BD35 /* SampleFSCalendar.app */,
				C6BD5DB726F38D5B0093BD35 /* SampleFSCalendarTests.xctest */,
				C6BD5DC226F38D5B0093BD35 /* SampleFSCalendarUITests.xctest */,
			);
			name = Products;
			sourceTree = "<group>";
		};
		C6BD5DA326F38D5B0093BD35 /* SampleFSCalendar */ = {
			isa = PBXGroup;
			children = (
				C6BD5DA426F38D5B0093BD35 /* AppDelegate.swift */,
				C6BD5DA626F38D5B0093BD35 /* SceneDelegate.swift */,
				C6BD5DA826F38D5B0093BD35 /* ViewController.swift */,
				C6BD5DAA26F38D5B0093BD35 /* Main.storyboard */,
				C6BD5DAD26F38D5B0093BD35 /* Assets.xcassets */,
				C6BD5DAF26F38D5B0093BD35 /* LaunchScreen.storyboard */,
				C6BD5DB226F38D5B0093BD35 /* Info.plist */,
			);
			path = SampleFSCalendar;
			sourceTree = "<group>";
		};
		C6BD5DBA26F38D5B0093BD35 /* SampleFSCalendarTests */ = {
			isa = PBXGroup;
			children = (
				C6BD5DBB26F38D5B0093BD35 /* SampleFSCalendarTests.swift */,
				C6BD5DBD26F38D5B0093BD35 /* Info.plist */,
			);
			path = SampleFSCalendarTests;
			sourceTree = "<group>";
		};
		C6BD5DC526F38D5B0093BD35 /* SampleFSCalendarUITests */ = {
			isa = PBXGroup;
			children = (
				C6BD5DC626F38D5B0093BD35 /* SampleFSCalendarUITests.swift */,
				C6BD5DC826F38D5B0093BD35 /* Info.plist */,
			);
			path = SampleFSCalendarUITests;
			sourceTree = "<group>";
		};
/* End PBXGroup section */

/* Begin PBXNativeTarget section */
		C6BD5DA026F38D5B0093BD35 /* SampleFSCalendar */ = {
			isa = PBXNativeTarget;
			buildConfigurationList = C6BD5DCB26F38D5B0093BD35 /* Build configuration list for PBXNativeTarget "SampleFSCalendar" */;
			buildPhases = (
				C6BD5D9D26F38D5B0093BD35 /* Sources */,
				C6BD5D9E26F38D5B0093BD35 /* Frameworks */,
				C6BD5D9F26F38D5B0093BD35 /* Resources */,
			);
			buildRules = (
			);
			dependencies = (
			);
			name = SampleFSCalendar;
			productName = SampleFSCalendar;
			productReference = C6BD5DA126F38D5B0093BD35 /* SampleFSCalendar.app */;
			productType = "com.apple.product-type.application";
		};
		C6BD5DB626F38D5B0093BD35 /* SampleFSCalendarTests */ = {
			isa = PBXNativeTarget;
			buildConfigurationList = C6BD5DCE26F38D5B0093BD35 /* Build configuration list for PBXNativeTarget "SampleFSCalendarTests" */;
			buildPhases = (
				C6BD5DB326F38D5B0093BD35 /* Sources */,
				C6BD5DB426F38D5B0093BD35 /* Frameworks */,
				C6BD5DB526F38D5B0093BD35 /* Resources */,
			);
			buildRules = (
			);
			dependencies = (
				C6BD5DB926F38D5B0093BD35 /* PBXTargetDependency */,
			);
			name = SampleFSCalendarTests;
			productName = SampleFSCalendarTests;
			productReference = C6BD5DB726F38D5B0093BD35 /* SampleFSCalendarTests.xctest */;
			productType = "com.apple.product-type.bundle.unit-test";
		};
		C6BD5DC126F38D5B0093BD35 /* SampleFSCalendarUITests */ = {
			isa = PBXNativeTarget;
			buildConfigurationList = C6BD5DD126F38D5B0093BD35 /* Build configuration list for PBXNativeTarget "SampleFSCalendarUITests" */;
			buildPhases = (
				C6BD5DBE26F38D5B0093BD35 /* Sources */,
				C6BD5DBF26F38D5B0093BD35 /* Frameworks */,
				C6BD5DC026F38D5B0093BD35 /* Resources */,
			);
			buildRules = (
			);
			dependencies = (
				C6BD5DC426F38D5B0093BD35 /* PBXTargetDependency */,
			);
			name = SampleFSCalendarUITests;
			productName = SampleFSCalendarUITests;
			productReference = C6BD5DC226F38D5B0093BD35 /* SampleFSCalendarUITests.xctest */;
			productType = "com.apple.product-type.bundle.ui-testing";
		};
/* End PBXNativeTarget section */

/* Begin PBXProject section */
		C6BD5D9926F38D5B0093BD35 /* Project object */ = {
			isa = PBXProject;
			attributes = {
				LastSwiftUpdateCheck = 1250;
				LastUpgradeCheck = 1250;
				TargetAttributes = {
					C6BD5DA026F38D5B0093BD35 = {
						CreatedOnToolsVersion = 12.5;
					};
					C6BD5DB626F38D5B0093BD35 = {
						CreatedOnToolsVersion = 12.5;
						TestTargetID = C6BD5DA026F38D5B0093BD35;
					};
					C6BD5DC126F38D5B0093BD35 = {
						CreatedOnToolsVersion = 12.5;
						TestTargetID = C6BD5DA026F38D5B0093BD35;
					};
				};
			};
			buildConfigurationList = C6BD5D9C26F38D5B0093BD35 /* Build configuration list for PBXProject "SampleFSCalendar" */;
			compatibilityVersion = "Xcode 9.3";
			developmentRegion = en;
			hasScannedForEncodings = 0;
			knownRegions = (
				en,
				Base,
			);
			mainGroup = C6BD5D9826F38D5B0093BD35;
			productRefGroup = C6BD5DA226F38D5B0093BD35 /* Products */;
			projectDirPath = "";
			projectRoot = "";
			targets = (
				C6BD5DA026F38D5B0093BD35 /* SampleFSCalendar */,
				C6BD5DB626F38D5B0093BD35 /* SampleFSCalendarTests */,
				C6BD5DC126F38D5B0093BD35 /* SampleFSCalendarUITests */,
			);
		};
/* End PBXProject section */

/* Begin PBXResourcesBuildPhase section */
		C6BD5D9F26F38D5B0093BD35 /* Resources */ = {
			isa = PBXResourcesBuildPhase;
			buildActionMask = 2147483647;
			files = (
				C6BD5DB126F38D5B0093BD35 /* LaunchScreen.storyboard in Resources */,
				C6BD5DAE26F38D5B0093BD35 /* Assets.xcassets in Resources */,
				C6BD5DAC26F38D5B0093BD35 /* Main.storyboard in Resources */,
			);
			runOnlyForDeploymentPostprocessing = 0;
		};
		C6BD5DB526F38D5B0093BD35 /* Resources */ = {
			isa = PBXResourcesBuildPhase;
			buildActionMask = 2147483647;
			files = (
			);
			runOnlyForDeploymentPostprocessing = 0;
		};
		C6BD5DC026F38D5B0093BD35 /* Resources */ = {
			isa = PBXResourcesBuildPhase;
			buildActionMask = 2147483647;
			files = (
			);
			runOnlyForDeploymentPostprocessing = 0;
		};
/* End PBXResourcesBuildPhase section */

/* Begin PBXSourcesBuildPhase section */
		C6BD5D9D26F38D5B0093BD35 /* Sources */ = {
			isa = PBXSourcesBuildPhase;
			buildActionMask = 2147483647;
			files = (
				C6BD5DA926F38D5B0093BD35 /* ViewController.swift in Sources */,
				C6BD5DA526F38D5B0093BD35 /* AppDelegate.swift in Sources */,
				C6BD5DA726F38D5B0093BD35 /* SceneDelegate.swift in Sources */,
			);
			runOnlyForDeploymentPostprocessing = 0;
		};
		C6BD5DB326F38D5B0093BD35 /* Sources */ = {
			isa = PBXSourcesBuildPhase;
			buildActionMask = 2147483647;
			files = (
				C6BD5DBC26F38D5B0093BD35 /* SampleFSCalendarTests.swift in Sources */,
			);
			runOnlyForDeploymentPostprocessing = 0;
		};
		C6BD5DBE26F38D5B0093BD35 /* Sources */ = {
			isa = PBXSourcesBuildPhase;
			buildActionMask = 2147483647;
			files = (
				C6BD5DC726F38D5B0093BD35 /* SampleFSCalendarUITests.swift in Sources */,
			);
			runOnlyForDeploymentPostprocessing = 0;
		};
/* End PBXSourcesBuildPhase section */

/* Begin PBXTargetDependency section */
		C6BD5DB926F38D5B0093BD35 /* PBXTargetDependency */ = {
			isa = PBXTargetDependency;
			target = C6BD5DA026F38D5B0093BD35 /* SampleFSCalendar */;
			targetProxy = C6BD5DB826F38D5B0093BD35 /* PBXContainerItemProxy */;
		};
		C6BD5DC426F38D5B0093BD35 /* PBXTargetDependency */ = {
			isa = PBXTargetDependency;
			target = C6BD5DA026F38D5B0093BD35 /* SampleFSCalendar */;
			targetProxy = C6BD5DC326F38D5B0093BD35 /* PBXContainerItemProxy */;
		};
/* End PBXTargetDependency section */

/* Begin PBXVariantGroup section */
		C6BD5DAA26F38D5B0093BD35 /* Main.storyboard */ = {
			isa = PBXVariantGroup;
			children = (
				C6BD5DAB26F38D5B0093BD35 /* Base */,
			);
			name = Main.storyboard;
			sourceTree = "<group>";
		};
		C6BD5DAF26F38D5B0093BD35 /* LaunchScreen.storyboard */ = {
			isa = PBXVariantGroup;
			children = (
				C6BD5DB026F38D5B0093BD35 /* Base */,
			);
			name = LaunchScreen.storyboard;
			sourceTree = "<group>";
		};
/* End PBXVariantGroup section */

/* Begin XCBuildConfiguration section */
		C6BD5DC926F38D5B0093BD35 /* Debug */ = {
			isa = XCBuildConfiguration;
			buildSettings = {
				ALWAYS_SEARCH_USER_PATHS = NO;
				CLANG_ANALYZER_NONNULL = YES;
				CLANG_ANALYZER_NUMBER_OBJECT_CONVERSION = YES_AGGRESSIVE;
				CLANG_CXX_LANGUAGE_STANDARD = "gnu++14";
				CLANG_CXX_LIBRARY = "libc++";
				CLANG_ENABLE_MODULES = YES;
				CLANG_ENABLE_OBJC_ARC = YES;
				CLANG_ENABLE_OBJC_WEAK = YES;
				CLANG_WARN_BLOCK_CAPTURE_AUTORELEASING = YES;
				CLANG_WARN_BOOL_CONVERSION = YES;
				CLANG_WARN_COMMA = YES;
				CLANG_WARN_CONSTANT_CONVERSION = YES;
				CLANG_WARN_DEPRECATED_OBJC_IMPLEMENTATIONS = YES;
				CLANG_WARN_DIRECT_OBJC_ISA_USAGE = YES_ERROR;
				CLANG_WARN_DOCUMENTATION_COMMENTS = YES;
				CLANG_WARN_EMPTY_BODY = YES;
				CLANG_WARN_ENUM_CONVERSION = YES;
				CLANG_WARN_INFINITE_RECURSION = YES;
				CLANG_WARN_INT_CONVERSION = YES;
				CLANG_WARN_NON_LITERAL_NULL_CONVERSION = YES;
				CLANG_WARN_OBJC_IMPLICIT_RETAIN_SELF = YES;
				CLANG_WARN_OBJC_LITERAL_CONVERSION = YES;
				CLANG_WARN_OBJC_ROOT_CLASS = YES_ERROR;
				CLANG_WARN_QUOTED_INCLUDE_IN_FRAMEWORK_HEADER = YES;
				CLANG_WARN_RANGE_LOOP_ANALYSIS = YES;
				CLANG_WARN_STRICT_PROTOTYPES = YES;
				CLANG_WARN_SUSPICIOUS_MOVE = YES;
				CLANG_WARN_UNGUARDED_AVAILABILITY = YES_AGGRESSIVE;
				CLANG_WARN_UNREACHABLE_CODE = YES;
				CLANG_WARN__DUPLICATE_METHOD_MATCH = YES;
				COPY_PHASE_STRIP = NO;
				DEBUG_INFORMATION_FORMAT = dwarf;
				ENABLE_STRICT_OBJC_MSGSEND = YES;
				ENABLE_TESTABILITY = YES;
				GCC_C_LANGUAGE_STANDARD = gnu11;
				GCC_DYNAMIC_NO_PIC = NO;
				GCC_NO_COMMON_BLOCKS = YES;
				GCC_OPTIMIZATION_LEVEL = 0;
				GCC_PREPROCESSOR_DEFINITIONS = (
					"DEBUG=1",
					"$(inherited)",
				);
				GCC_WARN_64_TO_32_BIT_CONVERSION = YES;
				GCC_WARN_ABOUT_RETURN_TYPE = YES_ERROR;
				GCC_WARN_UNDECLARED_SELECTOR = YES;
				GCC_WARN_UNINITIALIZED_AUTOS = YES_AGGRESSIVE;
				GCC_WARN_UNUSED_FUNCTION = YES;
				GCC_WARN_UNUSED_VARIABLE = YES;
				IPHONEOS_DEPLOYMENT_TARGET = 14.5;
				MTL_ENABLE_DEBUG_INFO = INCLUDE_SOURCE;
				MTL_FAST_MATH = YES;
				ONLY_ACTIVE_ARCH = YES;
				SDKROOT = iphoneos;
				SWIFT_ACTIVE_COMPILATION_CONDITIONS = DEBUG;
				SWIFT_OPTIMIZATION_LEVEL = "-Onone";
			};
			name = Debug;
		};
		C6BD5DCA26F38D5B0093BD35 /* Release */ = {
			isa = XCBuildConfiguration;
			buildSettings = {
				ALWAYS_SEARCH_USER_PATHS = NO;
				CLANG_ANALYZER_NONNULL = YES;
				CLANG_ANALYZER_NUMBER_OBJECT_CONVERSION = YES_AGGRESSIVE;
				CLANG_CXX_LANGUAGE_STANDARD = "gnu++14";
				CLANG_CXX_LIBRARY = "libc++";
				CLANG_ENABLE_MODULES = YES;
				CLANG_ENABLE_OBJC_ARC = YES;
				CLANG_ENABLE_OBJC_WEAK = YES;
				CLANG_WARN_BLOCK_CAPTURE_AUTORELEASING = YES;
				CLANG_WARN_BOOL_CONVERSION = YES;
				CLANG_WARN_COMMA = YES;
				CLANG_WARN_CONSTANT_CONVERSION = YES;
				CLANG_WARN_DEPRECATED_OBJC_IMPLEMENTATIONS = YES;
				CLANG_WARN_DIRECT_OBJC_ISA_USAGE = YES_ERROR;
				CLANG_WARN_DOCUMENTATION_COMMENTS = YES;
				CLANG_WARN_EMPTY_BODY = YES;
				CLANG_WARN_ENUM_CONVERSION = YES;
				CLANG_WARN_INFINITE_RECURSION = YES;
				CLANG_WARN_INT_CONVERSION = YES;
				CLANG_WARN_NON_LITERAL_NULL_CONVERSION = YES;
				CLANG_WARN_OBJC_IMPLICIT_RETAIN_SELF = YES;
				CLANG_WARN_OBJC_LITERAL_CONVERSION = YES;
				CLANG_WARN_OBJC_ROOT_CLASS = YES_ERROR;
				CLANG_WARN_QUOTED_INCLUDE_IN_FRAMEWORK_HEADER = YES;
				CLANG_WARN_RANGE_LOOP_ANALYSIS = YES;
				CLANG_WARN_STRICT_PROTOTYPES = YES;
				CLANG_WARN_SUSPICIOUS_MOVE = YES;
				CLANG_WARN_UNGUARDED_AVAILABILITY = YES_AGGRESSIVE;
				CLANG_WARN_UNREACHABLE_CODE = YES;
				CLANG_WARN__DUPLICATE_METHOD_MATCH = YES;
				COPY_PHASE_STRIP = NO;
				DEBUG_INFORMATION_FORMAT = "dwarf-with-dsym";
				ENABLE_NS_ASSERTIONS = NO;
				ENABLE_STRICT_OBJC_MSGSEND = YES;
				GCC_C_LANGUAGE_STANDARD = gnu11;
				GCC_NO_COMMON_BLOCKS = YES;
				GCC_WARN_64_TO_32_BIT_CONVERSION = YES;
				GCC_WARN_ABOUT_RETURN_TYPE = YES_ERROR;
				GCC_WARN_UNDECLARED_SELECTOR = YES;
				GCC_WARN_UNINITIALIZED_AUTOS = YES_AGGRESSIVE;
				GCC_WARN_UNUSED_FUNCTION = YES;
				GCC_WARN_UNUSED_VARIABLE = YES;
				IPHONEOS_DEPLOYMENT_TARGET = 14.5;
				MTL_ENABLE_DEBUG_INFO = NO;
				MTL_FAST_MATH = YES;
				SDKROOT = iphoneos;
				SWIFT_COMPILATION_MODE = wholemodule;
				SWIFT_OPTIMIZATION_LEVEL = "-O";
				VALIDATE_PRODUCT = YES;
			};
			name = Release;
		};
		C6BD5DCC26F38D5B0093BD35 /* Debug */ = {
			isa = XCBuildConfiguration;
			buildSettings = {
				ASSETCATALOG_COMPILER_APPICON_NAME = AppIcon;
				ASSETCATALOG_COMPILER_GLOBAL_ACCENT_COLOR_NAME = AccentColor;
				CODE_SIGN_STYLE = Automatic;
				DEVELOPMENT_TEAM = 64GN3PDULA;
				INFOPLIST_FILE = SampleFSCalendar/Info.plist;
				LD_RUNPATH_SEARCH_PATHS = (
					"$(inherited)",
					"@executable_path/Frameworks",
				);
				PRODUCT_BUNDLE_IDENTIFIER = com.iwamotoyasutaka.SampleFSCalendar;
				PRODUCT_NAME = "$(TARGET_NAME)";
				SWIFT_VERSION = 5.0;
				TARGETED_DEVICE_FAMILY = "1,2";
			};
			name = Debug;
		};
		C6BD5DCD26F38D5B0093BD35 /* Release */ = {
			isa = XCBuildConfiguration;
			buildSettings = {
				ASSETCATALOG_COMPILER_APPICON_NAME = AppIcon;
				ASSETCATALOG_COMPILER_GLOBAL_ACCENT_COLOR_NAME = AccentColor;
				CODE_SIGN_STYLE = Automatic;
				DEVELOPMENT_TEAM = 64GN3PDULA;
				INFOPLIST_FILE = SampleFSCalendar/Info.plist;
				LD_RUNPATH_SEARCH_PATHS = (
					"$(inherited)",
					"@executable_path/Frameworks",
				);
				PRODUCT_BUNDLE_IDENTIFIER = com.iwamotoyasutaka.SampleFSCalendar;
				PRODUCT_NAME = "$(TARGET_NAME)";
				SWIFT_VERSION = 5.0;
				TARGETED_DEVICE_FAMILY = "1,2";
			};
			name = Release;
		};
		C6BD5DCF26F38D5B0093BD35 /* Debug */ = {
			isa = XCBuildConfiguration;
			buildSettings = {
				ALWAYS_EMBED_SWIFT_STANDARD_LIBRARIES = YES;
				BUNDLE_LOADER = "$(TEST_HOST)";
				CODE_SIGN_STYLE = Automatic;
				DEVELOPMENT_TEAM = 64GN3PDULA;
				INFOPLIST_FILE = SampleFSCalendarTests/Info.plist;
				IPHONEOS_DEPLOYMENT_TARGET = 14.5;
				LD_RUNPATH_SEARCH_PATHS = (
					"$(inherited)",
					"@executable_path/Frameworks",
					"@loader_path/Frameworks",
				);
				PRODUCT_BUNDLE_IDENTIFIER = com.iwamotoyasutaka.SampleFSCalendarTests;
				PRODUCT_NAME = "$(TARGET_NAME)";
				SWIFT_VERSION = 5.0;
				TARGETED_DEVICE_FAMILY = "1,2";
				TEST_HOST = "$(BUILT_PRODUCTS_DIR)/SampleFSCalendar.app/SampleFSCalendar";
			};
			name = Debug;
		};
		C6BD5DD026F38D5B0093BD35 /* Release */ = {
			isa = XCBuildConfiguration;
			buildSettings = {
				ALWAYS_EMBED_SWIFT_STANDARD_LIBRARIES = YES;
				BUNDLE_LOADER = "$(TEST_HOST)";
				CODE_SIGN_STYLE = Automatic;
				DEVELOPMENT_TEAM = 64GN3PDULA;
				INFOPLIST_FILE = SampleFSCalendarTests/Info.plist;
				IPHONEOS_DEPLOYMENT_TARGET = 14.5;
				LD_RUNPATH_SEARCH_PATHS = (
					"$(inherited)",
					"@executable_path/Frameworks",
					"@loader_path/Frameworks",
				);
				PRODUCT_BUNDLE_IDENTIFIER = com.iwamotoyasutaka.SampleFSCalendarTests;
				PRODUCT_NAME = "$(TARGET_NAME)";
				SWIFT_VERSION = 5.0;
				TARGETED_DEVICE_FAMILY = "1,2";
				TEST_HOST = "$(BUILT_PRODUCTS_DIR)/SampleFSCalendar.app/SampleFSCalendar";
			};
			name = Release;
		};
		C6BD5DD226F38D5B0093BD35 /* Debug */ = {
			isa = XCBuildConfiguration;
			buildSettings = {
				ALWAYS_EMBED_SWIFT_STANDARD_LIBRARIES = YES;
				CODE_SIGN_STYLE = Automatic;
				DEVELOPMENT_TEAM = 64GN3PDULA;
				INFOPLIST_FILE = SampleFSCalendarUITests/Info.plist;
				LD_RUNPATH_SEARCH_PATHS = (
					"$(inherited)",
					"@executable_path/Frameworks",
					"@loader_path/Frameworks",
				);
				PRODUCT_BUNDLE_IDENTIFIER = com.iwamotoyasutaka.SampleFSCalendarUITests;
				PRODUCT_NAME = "$(TARGET_NAME)";
				SWIFT_VERSION = 5.0;
				TARGETED_DEVICE_FAMILY = "1,2";
				TEST_TARGET_NAME = SampleFSCalendar;
			};
			name = Debug;
		};
		C6BD5DD326F38D5B0093BD35 /* Release */ = {
			isa = XCBuildConfiguration;
			buildSettings = {
				ALWAYS_EMBED_SWIFT_STANDARD_LIBRARIES = YES;
				CODE_SIGN_STYLE = Automatic;
				DEVELOPMENT_TEAM = 64GN3PDULA;
				INFOPLIST_FILE = SampleFSCalendarUITests/Info.plist;
				LD_RUNPATH_SEARCH_PATHS = (
					"$(inherited)",
					"@executable_path/Frameworks",
					"@loader_path/Frameworks",
				);
				PRODUCT_BUNDLE_IDENTIFIER = com.iwamotoyasutaka.SampleFSCalendarUITests;
				PRODUCT_NAME = "$(TARGET_NAME)";
				SWIFT_VERSION = 5.0;
				TARGETED_DEVICE_FAMILY = "1,2";
				TEST_TARGET_NAME = SampleFSCalendar;
			};
			name = Release;
		};
/* End XCBuildConfiguration section */

/* Begin XCConfigurationList section */
		C6BD5D9C26F38D5B0093BD35 /* Build configuration list for PBXProject "SampleFSCalendar" */ = {
			isa = XCConfigurationList;
			buildConfigurations = (
				C6BD5DC926F38D5B0093BD35 /* Debug */,
				C6BD5DCA26F38D5B0093BD35 /* Release */,
			);
			defaultConfigurationIsVisible = 0;
			defaultConfigurationName = Release;
		};
		C6BD5DCB26F38D5B0093BD35 /* Build configuration list for PBXNativeTarget "SampleFSCalendar" */ = {
			isa = XCConfigurationList;
			buildConfigurations = (
				C6BD5DCC26F38D5B0093BD35 /* Debug */,
				C6BD5DCD26F38D5B0093BD35 /* Release */,
			);
			defaultConfigurationIsVisible = 0;
			defaultConfigurationName = Release;
		};
		C6BD5DCE26F38D5B0093BD35 /* Build configuration list for PBXNativeTarget "SampleFSCalendarTests" */ = {
			isa = XCConfigurationList;
			buildConfigurations = (
				C6BD5DCF26F38D5B0093BD35 /* Debug */,
				C6BD5DD026F38D5B0093BD35 /* Release */,
			);
			defaultConfigurationIsVisible = 0;
			defaultConfigurationName = Release;
		};
		C6BD5DD126F38D5B0093BD35 /* Build configuration list for PBXNativeTarget "SampleFSCalendarUITests" */ = {
			isa = XCConfigurationList;
			buildConfigurations = (
				C6BD5DD226F38D5B0093BD35 /* Debug */,
				C6BD5DD326F38D5B0093BD35 /* Release */,
			);
			defaultConfigurationIsVisible = 0;
			defaultConfigurationName = Release;
		};
/* End XCConfigurationList section */
	};
	rootObject = C6BD5D9926F38D5B0093BD35 /* Project object */;
}
